
Microsoft Visual Studio Solution File, Format Version 12.00
# Visual Studio 15
VisualStudioVersion = 15.0.27130.2026
MinimumVisualStudioVersion = 10.0.40219.1
Project("{9A19103F-16F7-4668-BE54-9A1E7A4F7556}") = "Interview", "Interview\Interview.csproj", "{62ED11DE-9123-4E85-9120-A48C6D2398EF}"
EndProject
Project("{9A19103F-16F7-4668-BE54-9A1E7A4F7556}") = "Services", "Data\Services.csproj", "{560AC986-C986-49C6-AD60-AF263B5EB92F}"
EndProject
Project("{9A19103F-16F7-4668-BE54-9A1E7A4F7556}") = "UnitTests", "UnitTests\UnitTests.csproj", "{C8A07AA7-9F54-4E48-B6A0-D63E04EDC76E}"
EndProject
Project("{FAE04EC0-301F-11D3-BF4B-00C04F79EFBC}") = "Common", "Common\Common.csproj", "{B23EBFC5-BA84-4ECE-BDFD-757AC142F6CD}"
EndProject
Global
	GlobalSection(SolutionConfigurationPlatforms) = preSolution
		Debug|Any CPU = Debug|Any CPU
		Release|Any CPU = Release|Any CPU
	EndGlobalSection
	GlobalSection(ProjectConfigurationPlatforms) = postSolution
		{62ED11DE-9123-4E85-9120-A48C6D2398EF}.Debug|Any CPU.ActiveCfg = Debug|Any CPU
		{62ED11DE-9123-4E85-9120-A48C6D2398EF}.Debug|Any CPU.Build.0 = Debug|Any CPU
		{62ED11DE-9123-4E85-9120-A48C6D2398EF}.Release|Any CPU.ActiveCfg = Release|Any CPU
		{62ED11DE-9123-4E85-9120-A48C6D2398EF}.Release|Any CPU.Build.0 = Release|Any CPU
		{560AC986-C986-49C6-AD60-AF263B5EB92F}.Debug|Any CPU.ActiveCfg = Debug|Any CPU
		{560AC986-C986-49C6-AD60-AF263B5EB92F}.Debug|Any CPU.Build.0 = Debug|Any CPU
		{560AC986-C986-49C6-AD60-AF263B5EB92F}.Release|Any CPU.ActiveCfg = Release|Any CPU
		{560AC986-C986-49C6-AD60-AF263B5EB92F}.Release|Any CPU.Build.0 = Release|Any CPU
		{C8A07AA7-9F54-4E48-B6A0-D63E04EDC76E}.Debug|Any CPU.ActiveCfg = Debug|Any CPU
		{C8A07AA7-9F54-4E48-B6A0-D63E04EDC76E}.Debug|Any CPU.Build.0 = Debug|Any CPU
		{C8A07AA7-9F54-4E48-B6A0-D63E04EDC76E}.Release|Any CPU.ActiveCfg = Release|Any CPU
		{C8A07AA7-9F54-4E48-B6A0-D63E04EDC76E}.Release|Any CPU.Build.0 = Release|Any CPU
		{B23EBFC5-BA84-4ECE-BDFD-757AC142F6CD}.Debug|Any CPU.ActiveCfg = Debug|Any CPU
		{B23EBFC5-BA84-4ECE-BDFD-757AC142F6CD}.Debug|Any CPU.Build.0 = Debug|Any CPU
		{B23EBFC5-BA84-4ECE-BDFD-757AC142F6CD}.Release|Any CPU.ActiveCfg = Release|Any CPU
		{B23EBFC5-BA84-4ECE-BDFD-757AC142F6CD}.Release|Any CPU.Build.0 = Release|Any CPU
	EndGlobalSection
	GlobalSection(SolutionProperties) = preSolution
		HideSolutionNode = FALSE
	EndGlobalSection
	GlobalSection(ExtensibilityGlobals) = postSolution
		SolutionGuid = {27101AEB-67DE-4578-A502-A2FE7C4FED40}
	EndGlobalSection
EndGlobal
